{
  "name": "web-service",
  "version": "1.0.0",
  "lockfileVersion": 2,
  "requires": true,
  "packages": {
    "": {
      "name": "web-service",
      "version": "1.0.0",
      "license": "ISC",
      "dependencies": {
        "axios": "^0.26.1",
        "dotenv": "^16.0.0",
        "papaparse": "^5.3.1",
        "scramjet": "^4.36.6"
      }
    },
    "node_modules/axios": {
      "version": "0.26.1",
      "resolved": "https://registry.npmjs.org/axios/-/axios-0.26.1.tgz",
      "integrity": "sha512-fPwcX4EvnSHuInCMItEhAGnaSEXRBjtzh9fOtsE6E1G6p7vl7edEeZe11QHf18+6+9gR5PbKV/sGKNaD8YaMeA==",
      "dependencies": {
        "follow-redirects": "^1.14.8"
      }
    },
    "node_modules/dotenv": {
      "version": "16.0.0",
      "resolved": "https://registry.npmjs.org/dotenv/-/dotenv-16.0.0.tgz",
      "integrity": "sha512-qD9WU0MPM4SWLPJy/r2Be+2WgQj8plChsyrCNQzW/0WjvcJQiKQJ9mH3ZgB3fxbUUxgc/11ZJ0Fi5KiimWGz2Q==",
      "engines": {
        "node": ">=12"
      }
    },
    "node_modules/follow-redirects": {
      "version": "1.14.9",
      "resolved": "https://registry.npmjs.org/follow-redirects/-/follow-redirects-1.14.9.tgz",
      "integrity": "sha512-MQDfihBQYMcyy5dhRDJUHcw7lb2Pv/TuE6xP1vyraLukNDHKbDxDNaOE3NbCAdKQApno+GPRyo1YAp89yCjK4w==",
      "funding": [
        {
          "type": "individual",
          "url": "https://github.com/sponsors/RubenVerborgh"
        }
      ],
      "engines": {
        "node": ">=4.0"
      },
      "peerDependenciesMeta": {
        "debug": {
          "optional": true
        }
      }
    },
    "node_modules/papaparse": {
      "version": "5.3.1",
      "resolved": "https://registry.npmjs.org/papaparse/-/papaparse-5.3.1.tgz",
      "integrity": "sha512-Dbt2yjLJrCwH2sRqKFFJaN5XgIASO9YOFeFP8rIBRG2Ain8mqk5r1M6DkfvqEVozVcz3r3HaUGw253hA1nLIcA=="
    },
    "node_modules/rereadable-stream": {
      "version": "1.4.13",
      "resolved": "https://registry.npmjs.org/rereadable-stream/-/rereadable-stream-1.4.13.tgz",
      "integrity": "sha512-g/HAYvVm1nXgmUAnqL01Zl3spGkZ9jqqlvIwlNd5O5FjQilq5BU6FeH65pcYP8Sn5lCenbpJ/+wGfkmQKKfp6A==",
      "engines": {
        "node": ">=8.6.0"
      }
    },
    "node_modules/scramjet": {
      "version": "4.36.6",
      "resolved": "https://registry.npmjs.org/scramjet/-/scramjet-4.36.6.tgz",
      "integrity": "sha512-Fsrn7NTVSdX4DJR88FY5oMCHD9sT/ZD7IK/WzJjgMGx0K5kUJk7Qbmx++Y8k8GUGdyGHCmdxzTiHMjDX5vtkcA==",
      "funding": [
        {
          "type": "github",
          "url": "https://github.com/sponsors/scramjetorg"
        },
        {
          "type": "individual",
          "url": "https://www.paypal.com/cgi-bin/webscr?cmd=_s-xclick&hosted_button_id=7F7V65C43EBMW"
        }
      ],
      "dependencies": {
        "papaparse": "^5.3.1",
        "rereadable-stream": "^1.4.13",
        "scramjet-core": "^4.32.5"
      },
      "engines": {
        "node": ">=10.0.0"
      }
    },
    "node_modules/scramjet-core": {
      "version": "4.32.5",
      "resolved": "https://registry.npmjs.org/scramjet-core/-/scramjet-core-4.32.5.tgz",
      "integrity": "sha512-uIQWfpF7rhwd19LRKST2FG/+KpDunnKFs4X+Mnk4uGq750ZE7sNLuHn9aJd1dzkE2WDxvhiFkP2XKWzaAbl/kw==",
      "engines": {
        "node": ">=10.0.0"
      }
    }
  },
  "dependencies": {
    "axios": {
      "version": "0.26.1",
      "resolved": "https://registry.npmjs.org/axios/-/axios-0.26.1.tgz",
      "integrity": "sha512-fPwcX4EvnSHuInCMItEhAGnaSEXRBjtzh9fOtsE6E1G6p7vl7edEeZe11QHf18+6+9gR5PbKV/sGKNaD8YaMeA==",
      "requires": {
        "follow-redirects": "^1.14.8"
      }
    },
    "dotenv": {
      "version": "16.0.0",
      "resolved": "https://registry.npmjs.org/dotenv/-/dotenv-16.0.0.tgz",
      "integrity": "sha512-qD9WU0MPM4SWLPJy/r2Be+2WgQj8plChsyrCNQzW/0WjvcJQiKQJ9mH3ZgB3fxbUUxgc/11ZJ0Fi5KiimWGz2Q=="
    },
    "follow-redirects": {
      "version": "1.14.9",
      "resolved": "https://registry.npmjs.org/follow-redirects/-/follow-redirects-1.14.9.tgz",
      "integrity": "sha512-MQDfihBQYMcyy5dhRDJUHcw7lb2Pv/TuE6xP1vyraLukNDHKbDxDNaOE3NbCAdKQApno+GPRyo1YAp89yCjK4w=="
    },
    "papaparse": {
      "version": "5.3.1",
      "resolved": "https://registry.npmjs.org/papaparse/-/papaparse-5.3.1.tgz",
      "integrity": "sha512-Dbt2yjLJrCwH2sRqKFFJaN5XgIASO9YOFeFP8rIBRG2Ain8mqk5r1M6DkfvqEVozVcz3r3HaUGw253hA1nLIcA=="
    },
    "rereadable-stream": {
      "version": "1.4.13",
      "resolved": "https://registry.npmjs.org/rereadable-stream/-/rereadable-stream-1.4.13.tgz",
      "integrity": "sha512-g/HAYvVm1nXgmUAnqL01Zl3spGkZ9jqqlvIwlNd5O5FjQilq5BU6FeH65pcYP8Sn5lCenbpJ/+wGfkmQKKfp6A=="
    },
    "scramjet": {
      "version": "4.36.6",
      "resolved": "https://registry.npmjs.org/scramjet/-/scramjet-4.36.6.tgz",
      "integrity": "sha512-Fsrn7NTVSdX4DJR88FY5oMCHD9sT/ZD7IK/WzJjgMGx0K5kUJk7Qbmx++Y8k8GUGdyGHCmdxzTiHMjDX5vtkcA==",
      "requires": {
        "papaparse": "^5.3.1",
        "rereadable-stream": "^1.4.13",
        "scramjet-core": "^4.32.5"
      }
    },
    "scramjet-core": {
      "version": "4.32.5",
      "resolved": "https://registry.npmjs.org/scramjet-core/-/scramjet-core-4.32.5.tgz",
      "integrity": "sha512-uIQWfpF7rhwd19LRKST2FG/+KpDunnKFs4X+Mnk4uGq750ZE7sNLuHn9aJd1dzkE2WDxvhiFkP2XKWzaAbl/kw=="
    }
  }
}
